PODS:
  - APGenericSearchTextField (0.2.1)

DEPENDENCIES:
  - APGenericSearchTextField (from `../`)

EXTERNAL SOURCES:
  APGenericSearchTextField:
    :path: "../"

SPEC CHECKSUMS:
  APGenericSearchTextField: 81d5e3678193112b732787218c33bfb54dd910f2

PODFILE CHECKSUM: 1ac0be5ef60c89841d4ab462bb4aaa2aca328d34

COCOAPODS: 1.9.3
